
Microsoft Visual Studio Solution File, Format Version 12.00
# Visual Studio Version 17
VisualStudioVersion = 17.14.36408.4 d17.14
MinimumVisualStudioVersion = 10.0.40219.1
Project("{FAE04EC0-301F-11D3-BF4B-00C04F79EFBC}") = "WpfRoutedEvent_1", "WpfRoutedEvent_1.csproj", "{20E082E6-6BA2-4EF7-B498-4A76D0C2FCC7}"
EndProject
Global
	GlobalSection(SolutionConfigurationPlatforms) = preSolution
		Debug|Any CPU = Debug|Any CPU
		Release|Any CPU = Release|Any CPU
	EndGlobalSection
	GlobalSection(ProjectConfigurationPlatforms) = postSolution
		{20E082E6-6BA2-4EF7-B498-4A76D0C2FCC7}.Debug|Any CPU.ActiveCfg = Debug|Any CPU
		{20E082E6-6BA2-4EF7-B498-4A76D0C2FCC7}.Debug|Any CPU.Build.0 = Debug|Any CPU
		{20E082E6-6BA2-4EF7-B498-4A76D0C2FCC7}.Release|Any CPU.ActiveCfg = Release|Any CPU
		{20E082E6-6BA2-4EF7-B498-4A76D0C2FCC7}.Release|Any CPU.Build.0 = Release|Any CPU
	EndGlobalSection
	GlobalSection(SolutionProperties) = preSolution
		HideSolutionNode = FALSE
	EndGlobalSection
	GlobalSection(ExtensibilityGlobals) = postSolution
		SolutionGuid = {C56E3E61-60F4-4210-AFC5-6DAF2953A50B}
	EndGlobalSection
EndGlobal
