
Microsoft Visual Studio Solution File, Format Version 12.00
# Visual Studio Version 17
VisualStudioVersion = 17.14.36408.4 d17.14
MinimumVisualStudioVersion = 10.0.40219.1
Project("{FAE04EC0-301F-11D3-BF4B-00C04F79EFBC}") = "WpfRoutedEvent_2", "WpfRoutedEvent_2.csproj", "{355A5AF7-981C-4C69-A9E7-2CDBEF23F66F}"
EndProject
Global
	GlobalSection(SolutionConfigurationPlatforms) = preSolution
		Debug|Any CPU = Debug|Any CPU
		Release|Any CPU = Release|Any CPU
	EndGlobalSection
	GlobalSection(ProjectConfigurationPlatforms) = postSolution
		{355A5AF7-981C-4C69-A9E7-2CDBEF23F66F}.Debug|Any CPU.ActiveCfg = Debug|Any CPU
		{355A5AF7-981C-4C69-A9E7-2CDBEF23F66F}.Debug|Any CPU.Build.0 = Debug|Any CPU
		{355A5AF7-981C-4C69-A9E7-2CDBEF23F66F}.Release|Any CPU.ActiveCfg = Release|Any CPU
		{355A5AF7-981C-4C69-A9E7-2CDBEF23F66F}.Release|Any CPU.Build.0 = Release|Any CPU
	EndGlobalSection
	GlobalSection(SolutionProperties) = preSolution
		HideSolutionNode = FALSE
	EndGlobalSection
	GlobalSection(ExtensibilityGlobals) = postSolution
		SolutionGuid = {FE0A55D0-AE00-45C5-A4BF-43AD3D314586}
	EndGlobalSection
EndGlobal
